{
  "originHash" : "4e9a20d5ac67ba74952c3828ebfa207974af4287dfc78a64a6fb6714202420c1",
  "pins" : [
    {
      "identity" : "navigationbackport",
      "kind" : "remoteSourceControl",
      "location" : "https://github.com/danyaqq/NavigationBackport.git",
      "state" : {
        "branch" : "bugfix/navigator-leaks",
        "revision" : "6b333a420c744a1c989b8c16159455a0eab7501e"
      }
    }
  ],
  "version" : 3
}
